
Microsoft Visual Studio Solution File, Format Version 12.00
# Visual Studio Version 17
VisualStudioVersion = 17.7.34221.43
MinimumVisualStudioVersion = 10.0.40219.1
Project("{FAE04EC0-301F-11D3-BF4B-00C04F79EFBC}") = "SmartOrangeryApi", "SmartOrangeryApi\SmartOrangeryApi.csproj", "{4452B227-8B45-4A81-A20E-4958B93E5576}"
EndProject
Global
	GlobalSection(SolutionConfigurationPlatforms) = preSolution
		Debug|Any CPU = Debug|Any CPU
		Release|Any CPU = Release|Any CPU
	EndGlobalSection
	GlobalSection(ProjectConfigurationPlatforms) = postSolution
		{4452B227-8B45-4A81-A20E-4958B93E5576}.Debug|Any CPU.ActiveCfg = Debug|Any CPU
		{4452B227-8B45-4A81-A20E-4958B93E5576}.Debug|Any CPU.Build.0 = Debug|Any CPU
		{4452B227-8B45-4A81-A20E-4958B93E5576}.Release|Any CPU.ActiveCfg = Release|Any CPU
		{4452B227-8B45-4A81-A20E-4958B93E5576}.Release|Any CPU.Build.0 = Release|Any CPU
	EndGlobalSection
	GlobalSection(SolutionProperties) = preSolution
		HideSolutionNode = FALSE
	EndGlobalSection
	GlobalSection(ExtensibilityGlobals) = postSolution
		SolutionGuid = {243A0100-6B38-4C75-B47E-B00A387856DC}
	EndGlobalSection
EndGlobal
